
Microsoft Visual Studio Solution File, Format Version 12.00
# Visual Studio 15
Project("{FAE04EC0-301F-11D3-BF4B-00C04F79EFBC}") = "AnonymousPipe", "AnonymousPipe\AnonymousPipe\AnonymousPipe.csproj", "{FC5E24AA-F855-4C6B-8B4E-F000949C0BC2}"
EndProject
Project("{FAE04EC0-301F-11D3-BF4B-00C04F79EFBC}") = "MyProcessSample", "MyProcessSample\MyProcessSample\MyProcessSample.csproj", "{438A72FA-A629-4B17-BFBB-69DFBE058F36}"
EndProject
Project("{FAE04EC0-301F-11D3-BF4B-00C04F79EFBC}") = "ProcessStartExample", "ProcessStartExample\ProcessStartExample\ProcessStartExample.csproj", "{CD31D9E0-AB6D-45B7-9143-F69537EE836D}"
EndProject
Project("{FAE04EC0-301F-11D3-BF4B-00C04F79EFBC}") = "Threads", "Threads\Threads\Threads.csproj", "{F3882DB7-E2DE-42CE-ABB4-AE0DE332AF8E}"
EndProject
Project("{FAE04EC0-301F-11D3-BF4B-00C04F79EFBC}") = "Peterson", "Peterson\Peterson\Peterson.csproj", "{27DA69DF-54B7-4084-92CF-DA8452C4AE91}"
EndProject
Project("{FAE04EC0-301F-11D3-BF4B-00C04F79EFBC}") = "ProducerConsumerBare", "ProducerConsumerBare\ProducerConsumerBare\ProducerConsumerBare.csproj", "{C8CC299D-1419-4425-B462-672DFDC1C8FA}"
EndProject
Project("{FAE04EC0-301F-11D3-BF4B-00C04F79EFBC}") = "ProducerConsumerMutex", "ProducerConsumerMutex\ProducerConsumerMutex\ProducerConsumerMutex.csproj", "{DAAB6656-128B-4EDE-A727-59B6979E10E6}"
EndProject
Project("{FAE04EC0-301F-11D3-BF4B-00C04F79EFBC}") = "ProducerConsumerLock", "ProducerConsumerLock\ProducerConsumerLock\ProducerConsumerLock.csproj", "{3502DA24-50EC-49C0-AFA4-EBBC0B989CF8}"
EndProject
Project("{FAE04EC0-301F-11D3-BF4B-00C04F79EFBC}") = "DiningPhilosophersBare", "DiningPhilosophersBare\DiningPhilosophersBare\DiningPhilosophersBare.csproj", "{94286137-1D30-4497-BE92-A55ADA159F4F}"
EndProject
Project("{FAE04EC0-301F-11D3-BF4B-00C04F79EFBC}") = "NamedPipe", "NamedPipe\NamedPipe\NamedPipe.csproj", "{5389A051-6AB0-465F-B9B6-CA4C085E59FC}"
EndProject
Project("{FAE04EC0-301F-11D3-BF4B-00C04F79EFBC}") = "NetMQExample", "NetMQExample\NetMQExample\NetMQExample.csproj", "{BE149BF4-E927-4420-B693-2AD1DE6C4CA9}"
EndProject
Project("{FAE04EC0-301F-11D3-BF4B-00C04F79EFBC}") = "Devices", "Devices\Devices\Devices.csproj", "{B6F6393C-C968-4D50-BA5B-A5D134993179}"
EndProject
Global
	GlobalSection(SolutionConfigurationPlatforms) = preSolution
		Debug|Any CPU = Debug|Any CPU
		Release|Any CPU = Release|Any CPU
	EndGlobalSection
	GlobalSection(ProjectConfigurationPlatforms) = postSolution
		{FC5E24AA-F855-4C6B-8B4E-F000949C0BC2}.Debug|Any CPU.ActiveCfg = Debug|Any CPU
		{FC5E24AA-F855-4C6B-8B4E-F000949C0BC2}.Debug|Any CPU.Build.0 = Debug|Any CPU
		{FC5E24AA-F855-4C6B-8B4E-F000949C0BC2}.Release|Any CPU.ActiveCfg = Release|Any CPU
		{FC5E24AA-F855-4C6B-8B4E-F000949C0BC2}.Release|Any CPU.Build.0 = Release|Any CPU
		{438A72FA-A629-4B17-BFBB-69DFBE058F36}.Debug|Any CPU.ActiveCfg = Debug|Any CPU
		{438A72FA-A629-4B17-BFBB-69DFBE058F36}.Debug|Any CPU.Build.0 = Debug|Any CPU
		{438A72FA-A629-4B17-BFBB-69DFBE058F36}.Release|Any CPU.ActiveCfg = Release|Any CPU
		{438A72FA-A629-4B17-BFBB-69DFBE058F36}.Release|Any CPU.Build.0 = Release|Any CPU
		{CD31D9E0-AB6D-45B7-9143-F69537EE836D}.Debug|Any CPU.ActiveCfg = Debug|Any CPU
		{CD31D9E0-AB6D-45B7-9143-F69537EE836D}.Debug|Any CPU.Build.0 = Debug|Any CPU
		{CD31D9E0-AB6D-45B7-9143-F69537EE836D}.Release|Any CPU.ActiveCfg = Release|Any CPU
		{CD31D9E0-AB6D-45B7-9143-F69537EE836D}.Release|Any CPU.Build.0 = Release|Any CPU
		{F3882DB7-E2DE-42CE-ABB4-AE0DE332AF8E}.Debug|Any CPU.ActiveCfg = Debug|Any CPU
		{F3882DB7-E2DE-42CE-ABB4-AE0DE332AF8E}.Debug|Any CPU.Build.0 = Debug|Any CPU
		{F3882DB7-E2DE-42CE-ABB4-AE0DE332AF8E}.Release|Any CPU.ActiveCfg = Release|Any CPU
		{F3882DB7-E2DE-42CE-ABB4-AE0DE332AF8E}.Release|Any CPU.Build.0 = Release|Any CPU
		{27DA69DF-54B7-4084-92CF-DA8452C4AE91}.Debug|Any CPU.ActiveCfg = Debug|Any CPU
		{27DA69DF-54B7-4084-92CF-DA8452C4AE91}.Debug|Any CPU.Build.0 = Debug|Any CPU
		{27DA69DF-54B7-4084-92CF-DA8452C4AE91}.Release|Any CPU.ActiveCfg = Release|Any CPU
		{27DA69DF-54B7-4084-92CF-DA8452C4AE91}.Release|Any CPU.Build.0 = Release|Any CPU
		{C8CC299D-1419-4425-B462-672DFDC1C8FA}.Debug|Any CPU.ActiveCfg = Debug|Any CPU
		{C8CC299D-1419-4425-B462-672DFDC1C8FA}.Debug|Any CPU.Build.0 = Debug|Any CPU
		{C8CC299D-1419-4425-B462-672DFDC1C8FA}.Release|Any CPU.ActiveCfg = Release|Any CPU
		{C8CC299D-1419-4425-B462-672DFDC1C8FA}.Release|Any CPU.Build.0 = Release|Any CPU
		{DAAB6656-128B-4EDE-A727-59B6979E10E6}.Debug|Any CPU.ActiveCfg = Debug|Any CPU
		{DAAB6656-128B-4EDE-A727-59B6979E10E6}.Debug|Any CPU.Build.0 = Debug|Any CPU
		{DAAB6656-128B-4EDE-A727-59B6979E10E6}.Release|Any CPU.ActiveCfg = Release|Any CPU
		{DAAB6656-128B-4EDE-A727-59B6979E10E6}.Release|Any CPU.Build.0 = Release|Any CPU
		{3502DA24-50EC-49C0-AFA4-EBBC0B989CF8}.Debug|Any CPU.ActiveCfg = Debug|Any CPU
		{3502DA24-50EC-49C0-AFA4-EBBC0B989CF8}.Debug|Any CPU.Build.0 = Debug|Any CPU
		{3502DA24-50EC-49C0-AFA4-EBBC0B989CF8}.Release|Any CPU.ActiveCfg = Release|Any CPU
		{3502DA24-50EC-49C0-AFA4-EBBC0B989CF8}.Release|Any CPU.Build.0 = Release|Any CPU
		{94286137-1D30-4497-BE92-A55ADA159F4F}.Debug|Any CPU.ActiveCfg = Debug|Any CPU
		{94286137-1D30-4497-BE92-A55ADA159F4F}.Debug|Any CPU.Build.0 = Debug|Any CPU
		{94286137-1D30-4497-BE92-A55ADA159F4F}.Release|Any CPU.ActiveCfg = Release|Any CPU
		{94286137-1D30-4497-BE92-A55ADA159F4F}.Release|Any CPU.Build.0 = Release|Any CPU
		{5389A051-6AB0-465F-B9B6-CA4C085E59FC}.Debug|Any CPU.ActiveCfg = Debug|Any CPU
		{5389A051-6AB0-465F-B9B6-CA4C085E59FC}.Debug|Any CPU.Build.0 = Debug|Any CPU
		{5389A051-6AB0-465F-B9B6-CA4C085E59FC}.Release|Any CPU.ActiveCfg = Release|Any CPU
		{5389A051-6AB0-465F-B9B6-CA4C085E59FC}.Release|Any CPU.Build.0 = Release|Any CPU
		{BE149BF4-E927-4420-B693-2AD1DE6C4CA9}.Debug|Any CPU.ActiveCfg = Debug|Any CPU
		{BE149BF4-E927-4420-B693-2AD1DE6C4CA9}.Debug|Any CPU.Build.0 = Debug|Any CPU
		{BE149BF4-E927-4420-B693-2AD1DE6C4CA9}.Release|Any CPU.ActiveCfg = Release|Any CPU
		{BE149BF4-E927-4420-B693-2AD1DE6C4CA9}.Release|Any CPU.Build.0 = Release|Any CPU
		{B6F6393C-C968-4D50-BA5B-A5D134993179}.Debug|Any CPU.ActiveCfg = Debug|Any CPU
		{B6F6393C-C968-4D50-BA5B-A5D134993179}.Debug|Any CPU.Build.0 = Debug|Any CPU
		{B6F6393C-C968-4D50-BA5B-A5D134993179}.Release|Any CPU.ActiveCfg = Release|Any CPU
		{B6F6393C-C968-4D50-BA5B-A5D134993179}.Release|Any CPU.Build.0 = Release|Any CPU
	EndGlobalSection
EndGlobal
