
Microsoft Visual Studio Solution File, Format Version 12.00
Project("{FAE04EC0-301F-11D3-BF4B-00C04F79EFBC}") = "ProducerConsumerMutex", "ProducerConsumerMutex\ProducerConsumerMutex.csproj", "{1384E9C0-6BEB-4832-95CE-815AADC9BA19}"
EndProject
Global
	GlobalSection(SolutionConfigurationPlatforms) = preSolution
		Debug|Any CPU = Debug|Any CPU
		Release|Any CPU = Release|Any CPU
	EndGlobalSection
	GlobalSection(ProjectConfigurationPlatforms) = postSolution
		{1384E9C0-6BEB-4832-95CE-815AADC9BA19}.Debug|Any CPU.ActiveCfg = Debug|Any CPU
		{1384E9C0-6BEB-4832-95CE-815AADC9BA19}.Debug|Any CPU.Build.0 = Debug|Any CPU
		{1384E9C0-6BEB-4832-95CE-815AADC9BA19}.Release|Any CPU.ActiveCfg = Release|Any CPU
		{1384E9C0-6BEB-4832-95CE-815AADC9BA19}.Release|Any CPU.Build.0 = Release|Any CPU
	EndGlobalSection
EndGlobal
